
Microsoft Visual Studio Solution File, Format Version 12.00
# Visual Studio Version 16
VisualStudioVersion = 16.0.30406.217
MinimumVisualStudioVersion = 10.0.40219.1
Project("{FAE04EC0-301F-11D3-BF4B-00C04F79EFBC}") = "ELM327CSL", "ELM327CSL.csproj", "{AE3FFF22-DB4F-4D72-A652-40BF90223153}"
EndProject
Global
	GlobalSection(SolutionConfigurationPlatforms) = preSolution
		Debug|Any CPU = Debug|Any CPU
		Release|Any CPU = Release|Any CPU
	EndGlobalSection
	GlobalSection(ProjectConfigurationPlatforms) = postSolution
		{AE3FFF22-DB4F-4D72-A652-40BF90223153}.Debug|Any CPU.ActiveCfg = Debug|Any CPU
		{AE3FFF22-DB4F-4D72-A652-40BF90223153}.Debug|Any CPU.Build.0 = Debug|Any CPU
		{AE3FFF22-DB4F-4D72-A652-40BF90223153}.Release|Any CPU.ActiveCfg = Release|Any CPU
		{AE3FFF22-DB4F-4D72-A652-40BF90223153}.Release|Any CPU.Build.0 = Release|Any CPU
	EndGlobalSection
	GlobalSection(SolutionProperties) = preSolution
		HideSolutionNode = FALSE
	EndGlobalSection
	GlobalSection(ExtensibilityGlobals) = postSolution
		SolutionGuid = {F672F1BE-9643-44B9-86AF-63BA51057619}
	EndGlobalSection
EndGlobal
